// !$*UTF8*$!
{
	archiveVersion = 1;
	classes = {
	};
	objectVersion = 46;
	objects = {

/* Begin PBXBuildFile section */
		05261FC91C1EB95700B68042 /* main.m in Sources */ = {isa = PBXBuildFile; fileRef = 05261FC81C1EB95700B68042 /* main.m */; };
		05261FCC1C1EB95700B68042 /* AppDelegate.m in Sources */ = {isa = PBXBuildFile; fileRef = 05261FCB1C1EB95700B68042 /* AppDelegate.m */; };
		05261FCF1C1EB95700B68042 /* ViewController.m in Sources */ = {isa = PBXBuildFile; fileRef = 05261FCE1C1EB95700B68042 /* ViewController.m */; };
		05261FD21C1EB95700B68042 /* Main.storyboard in Resources */ = {isa = PBXBuildFile; fileRef = 05261FD01C1EB95700B68042 /* Main.storyboard */; };
		05261FD41C1EB95700B68042 /* Assets.xcassets in Resources */ = {isa = PBXBuildFile; fileRef = 05261FD31C1EB95700B68042 /* Assets.xcassets */; };
		05261FD71C1EB95700B68042 /* LaunchScreen.storyboard in Resources */ = {isa = PBXBuildFile; fileRef = 05261FD51C1EB95700B68042 /* LaunchScreen.storyboard */; };
		05261FE21C1EB95700B68042 /* CallbackDemoTests.m in Sources */ = {isa = PBXBuildFile; fileRef = 05261FE11C1EB95700B68042 /* CallbackDemoTests.m */; };
		05261FED1C1EB95700B68042 /* CallbackDemoUITests.m in Sources */ = {isa = PBXBuildFile; fileRef = 05261FEC1C1EB95700B68042 /* CallbackDemoUITests.m */; };
		05261FFC1C1EB98400B68042 /* SecViewController.m in Sources */ = {isa = PBXBuildFile; fileRef = 05261FFB1C1EB98400B68042 /* SecViewController.m */; };
/* End PBXBuildFile section */

/* Begin PBXContainerItemProxy section */
		05261FDE1C1EB95700B68042 /* PBXContainerItemProxy */ = {
			isa = PBXContainerItemProxy;
			containerPortal = 05261FBC1C1EB95700B68042 /* Project object */;
			proxyType = 1;
			remoteGlobalIDString = 05261FC31C1EB95700B68042;
			remoteInfo = CallbackDemo;
		};
		05261FE91C1EB95700B68042 /* PBXContainerItemProxy */ = {
			isa = PBXContainerItemProxy;
			containerPortal = 05261FBC1C1EB95700B68042 /* Project object */;
			proxyType = 1;
			remoteGlobalIDString = 05261FC31C1EB95700B68042;
			remoteInfo = CallbackDemo;
		};
/* End PBXContainerItemProxy section */

/* Begin PBXFileReference section */
		05261FC41C1EB95700B68042 /* CallbackDemo.app */ = {isa = PBXFileReference; explicitFileType = wrapper.application; includeInIndex = 0; path = CallbackDemo.app; sourceTree = BUILT_PRODUCTS_DIR; };
		05261FC81C1EB95700B68042 /* main.m */ = {isa = PBXFileReference; lastKnownFileType = sourcecode.c.objc; path = main.m; sourceTree = "<group>"; };
		05261FCA1C1EB95700B68042 /* AppDelegate.h */ = {isa = PBXFileReference; lastKnownFileType = sourcecode.c.h; path = AppDelegate.h; sourceTree = "<group>"; };
		05261FCB1C1EB95700B68042 /* AppDelegate.m */ = {isa = PBXFileReference; lastKnownFileType = sourcecode.c.objc; path = AppDelegate.m; sourceTree = "<group>"; };
		05261FCD1C1EB95700B68042 /* ViewController.h */ = {isa = PBXFileReference; lastKnownFileType = sourcecode.c.h; path = ViewController.h; sourceTree = "<group>"; };
		05261FCE1C1EB95700B68042 /* ViewController.m */ = {isa = PBXFileReference; lastKnownFileType = sourcecode.c.objc; path = ViewController.m; sourceTree = "<group>"; };
		05261FD11C1EB95700B68042 /* Base */ = {isa = PBXFileReference; lastKnownFileType = file.storyboard; name = Base; path = Base.lproj/Main.storyboard; sourceTree = "<group>"; };
		05261FD31C1EB95700B68042 /* Assets.xcassets */ = {isa = PBXFileReference; lastKnownFileType = folder.assetcatalog; path = Assets.xcassets; sourceTree = "<group>"; };
		05261FD61C1EB95700B68042 /* Base */ = {isa = PBXFileReference; lastKnownFileType = file.storyboard; name = Base; path = Base.lproj/LaunchScreen.storyboard; sourceTree = "<group>"; };
		05261FD81C1EB95700B68042 /* Info.plist */ = {isa = PBXFileReference; lastKnownFileType = text.plist.xml; path = Info.plist; sourceTree = "<group>"; };
		05261FDD1C1EB95700B68042 /* CallbackDemoTests.xctest */ = {isa = PBXFileReference; explicitFileType = wrapper.cfbundle; includeInIndex = 0; path = CallbackDemoTests.xctest; sourceTree = BUILT_PRODUCTS_DIR; };
		05261FE11C1EB95700B68042 /* CallbackDemoTests.m */ = {isa = PBXFileReference; lastKnownFileType = sourcecode.c.objc; path = CallbackDemoTests.m; sourceTree = "<group>"; };
		05261FE31C1EB95700B68042 /* Info.plist */ = {isa = PBXFileReference; lastKnownFileType = text.plist.xml; path = Info.plist; sourceTree = "<group>"; };
		05261FE81C1EB95700B68042 /* CallbackDemoUITests.xctest */ = {isa = PBXFileReference; explicitFileType = wrapper.cfbundle; includeInIndex = 0; path = CallbackDemoUITests.xctest; sourceTree = BUILT_PRODUCTS_DIR; };
		05261FEC1C1EB95700B68042 /* CallbackDemoUITests.m */ = {isa = PBXFileReference; lastKnownFileType = sourcecode.c.objc; path = CallbackDemoUITests.m; sourceTree = "<group>"; };
		05261FEE1C1EB95700B68042 /* Info.plist */ = {isa = PBXFileReference; lastKnownFileType = text.plist.xml; path = Info.plist; sourceTree = "<group>"; };
		05261FFA1C1EB98400B68042 /* SecViewController.h */ = {isa = PBXFileReference; fileEncoding = 4; lastKnownFileType = sourcecode.c.h; path = SecViewController.h; sourceTree = "<group>"; };
		05261FFB1C1EB98400B68042 /* SecViewController.m */ = {isa = PBXFileReference; fileEncoding = 4; lastKnownFileType = sourcecode.c.objc; path = SecViewController.m; sourceTree = "<group>"; };
/* End PBXFileReference section */

/* Begin PBXFrameworksBuildPhase section */
		05261FC11C1EB95700B68042 /* Frameworks */ = {
			isa = PBXFrameworksBuildPhase;
			buildActionMask = 2147483647;
			files = (
			);
			runOnlyForDeploymentPostprocessing = 0;
		};
		05261FDA1C1EB95700B68042 /* Frameworks */ = {
			isa = PBXFrameworksBuildPhase;
			buildActionMask = 2147483647;
			files = (
			);
			runOnlyForDeploymentPostprocessing = 0;
		};
		05261FE51C1EB95700B68042 /* Frameworks */ = {
			isa = PBXFrameworksBuildPhase;
			buildActionMask = 2147483647;
			files = (
			);
			runOnlyForDeploymentPostprocessing = 0;
		};
/* End PBXFrameworksBuildPhase section */

/* Begin PBXGroup section */
		05261FBB1C1EB95700B68042 = {
			isa = PBXGroup;
			children = (
				05261FC61C1EB95700B68042 /* CallbackDemo */,
				05261FE01C1EB95700B68042 /* CallbackDemoTests */,
				05261FEB1C1EB95700B68042 /* CallbackDemoUITests */,
				05261FC51C1EB95700B68042 /* Products */,
			);
			sourceTree = "<group>";
		};
		05261FC51C1EB95700B68042 /* Products */ = {
			isa = PBXGroup;
			children = (
				05261FC41C1EB95700B68042 /* CallbackDemo.app */,
				05261FDD1C1EB95700B68042 /* CallbackDemoTests.xctest */,
				05261FE81C1EB95700B68042 /* CallbackDemoUITests.xctest */,
			);
			name = Products;
			sourceTree = "<group>";
		};
		05261FC61C1EB95700B68042 /* CallbackDemo */ = {
			isa = PBXGroup;
			children = (
				05261FCA1C1EB95700B68042 /* AppDelegate.h */,
				05261FCB1C1EB95700B68042 /* AppDelegate.m */,
				05261FCD1C1EB95700B68042 /* ViewController.h */,
				05261FCE1C1EB95700B68042 /* ViewController.m */,
				05261FFA1C1EB98400B68042 /* SecViewController.h */,
				05261FFB1C1EB98400B68042 /* SecViewController.m */,
				05261FD01C1EB95700B68042 /* Main.storyboard */,
				05261FD31C1EB95700B68042 /* Assets.xcassets */,
				05261FD51C1EB95700B68042 /* LaunchScreen.storyboard */,
				05261FD81C1EB95700B68042 /* Info.plist */,
				05261FC71C1EB95700B68042 /* Supporting Files */,
			);
			path = CallbackDemo;
			sourceTree = "<group>";
		};
		05261FC71C1EB95700B68042 /* Supporting Files */ = {
			isa = PBXGroup;
			children = (
				05261FC81C1EB95700B68042 /* main.m */,
			);
			name = "Supporting Files";
			sourceTree = "<group>";
		};
		05261FE01C1EB95700B68042 /* CallbackDemoTests */ = {
			isa = PBXGroup;
			children = (
				05261FE11C1EB95700B68042 /* CallbackDemoTests.m */,
				05261FE31C1EB95700B68042 /* Info.plist */,
			);
			path = CallbackDemoTests;
			sourceTree = "<group>";
		};
		05261FEB1C1EB95700B68042 /* CallbackDemoUITests */ = {
			isa = PBXGroup;
			children = (
				05261FEC1C1EB95700B68042 /* CallbackDemoUITests.m */,
				05261FEE1C1EB95700B68042 /* Info.plist */,
			);
			path = CallbackDemoUITests;
			sourceTree = "<group>";
		};
/* End PBXGroup section */

/* Begin PBXNativeTarget section */
		05261FC31C1EB95700B68042 /* CallbackDemo */ = {
			isa = PBXNativeTarget;
			buildConfigurationList = 05261FF11C1EB95700B68042 /* Build configuration list for PBXNativeTarget "CallbackDemo" */;
			buildPhases = (
				05261FC01C1EB95700B68042 /* Sources */,
				05261FC11C1EB95700B68042 /* Frameworks */,
				05261FC21C1EB95700B68042 /* Resources */,
			);
			buildRules = (
			);
			dependencies = (
			);
			name = CallbackDemo;
			productName = CallbackDemo;
			productReference = 05261FC41C1EB95700B68042 /* CallbackDemo.app */;
			productType = "com.apple.product-type.application";
		};
		05261FDC1C1EB95700B68042 /* CallbackDemoTests */ = {
			isa = PBXNativeTarget;
			buildConfigurationList = 05261FF41C1EB95700B68042 /* Build configuration list for PBXNativeTarget "CallbackDemoTests" */;
			buildPhases = (
				05261FD91C1EB95700B68042 /* Sources */,
				05261FDA1C1EB95700B68042 /* Frameworks */,
				05261FDB1C1EB95700B68042 /* Resources */,
			);
			buildRules = (
			);
			dependencies = (
				05261FDF1C1EB95700B68042 /* PBXTargetDependency */,
			);
			name = CallbackDemoTests;
			productName = CallbackDemoTests;
			productReference = 05261FDD1C1EB95700B68042 /* CallbackDemoTests.xctest */;
			productType = "com.apple.product-type.bundle.unit-test";
		};
		05261FE71C1EB95700B68042 /* CallbackDemoUITests */ = {
			isa = PBXNativeTarget;
			buildConfigurationList = 05261FF71C1EB95700B68042 /* Build configuration list for PBXNativeTarget "CallbackDemoUITests" */;
			buildPhases = (
				05261FE41C1EB95700B68042 /* Sources */,
				05261FE51C1EB95700B68042 /* Frameworks */,
				05261FE61C1EB95700B68042 /* Resources */,
			);
			buildRules = (
			);
			dependencies = (
				05261FEA1C1EB95700B68042 /* PBXTargetDependency */,
			);
			name = CallbackDemoUITests;
			productName = CallbackDemoUITests;
			productReference = 05261FE81C1EB95700B68042 /* CallbackDemoUITests.xctest */;
			productType = "com.apple.product-type.bundle.ui-testing";
		};
/* End PBXNativeTarget section */

/* Begin PBXProject section */
		05261FBC1C1EB95700B68042 /* Project object */ = {
			isa = PBXProject;
			attributes = {
				LastUpgradeCheck = 0710;
				ORGANIZATIONNAME = haidai;
				TargetAttributes = {
					05261FC31C1EB95700B68042 = {
						CreatedOnToolsVersion = 7.1;
					};
					05261FDC1C1EB95700B68042 = {
						CreatedOnToolsVersion = 7.1;
						TestTargetID = 05261FC31C1EB95700B68042;
					};
					05261FE71C1EB95700B68042 = {
						CreatedOnToolsVersion = 7.1;
						TestTargetID = 05261FC31C1EB95700B68042;
					};
				};
			};
			buildConfigurationList = 05261FBF1C1EB95700B68042 /* Build configuration list for PBXProject "CallbackDemo" */;
			compatibilityVersion = "Xcode 3.2";
			developmentRegion = English;
			hasScannedForEncodings = 0;
			knownRegions = (
				en,
				Base,
			);
			mainGroup = 05261FBB1C1EB95700B68042;
			productRefGroup = 05261FC51C1EB95700B68042 /* Products */;
			projectDirPath = "";
			projectRoot = "";
			targets = (
				05261FC31C1EB95700B68042 /* CallbackDemo */,
				05261FDC1C1EB95700B68042 /* CallbackDemoTests */,
				05261FE71C1EB95700B68042 /* CallbackDemoUITests */,
			);
		};
/* End PBXProject section */

/* Begin PBXResourcesBuildPhase section */
		05261FC21C1EB95700B68042 /* Resources */ = {
			isa = PBXResourcesBuildPhase;
			buildActionMask = 2147483647;
			files = (
				05261FD71C1EB95700B68042 /* LaunchScreen.storyboard in Resources */,
				05261FD41C1EB95700B68042 /* Assets.xcassets in Resources */,
				05261FD21C1EB95700B68042 /* Main.storyboard in Resources */,
			);
			runOnlyForDeploymentPostprocessing = 0;
		};
		05261FDB1C1EB95700B68042 /* Resources */ = {
			isa = PBXResourcesBuildPhase;
			buildActionMask = 2147483647;
			files = (
			);
			runOnlyForDeploymentPostprocessing = 0;
		};
		05261FE61C1EB95700B68042 /* Resources */ = {
			isa = PBXResourcesBuildPhase;
			buildActionMask = 2147483647;
			files = (
			);
			runOnlyForDeploymentPostprocessing = 0;
		};
/* End PBXResourcesBuildPhase section */

/* Begin PBXSourcesBuildPhase section */
		05261FC01C1EB95700B68042 /* Sources */ = {
			isa = PBXSourcesBuildPhase;
			buildActionMask = 2147483647;
			files = (
				05261FFC1C1EB98400B68042 /* SecViewController.m in Sources */,
				05261FCF1C1EB95700B68042 /* ViewController.m in Sources */,
				05261FCC1C1EB95700B68042 /* AppDelegate.m in Sources */,
				05261FC91C1EB95700B68042 /* main.m in Sources */,
			);
			runOnlyForDeploymentPostprocessing = 0;
		};
		05261FD91C1EB95700B68042 /* Sources */ = {
			isa = PBXSourcesBuildPhase;
			buildActionMask = 2147483647;
			files = (
				05261FE21C1EB95700B68042 /* CallbackDemoTests.m in Sources */,
			);
			runOnlyForDeploymentPostprocessing = 0;
		};
		05261FE41C1EB95700B68042 /* Sources */ = {
			isa = PBXSourcesBuildPhase;
			buildActionMask = 2147483647;
			files = (
				05261FED1C1EB95700B68042 /* CallbackDemoUITests.m in Sources */,
			);
			runOnlyForDeploymentPostprocessing = 0;
		};
/* End PBXSourcesBuildPhase section */

/* Begin PBXTargetDependency section */
		05261FDF1C1EB95700B68042 /* PBXTargetDependency */ = {
			isa = PBXTargetDependency;
			target = 05261FC31C1EB95700B68042 /* CallbackDemo */;
			targetProxy = 05261FDE1C1EB95700B68042 /* PBXContainerItemProxy */;
		};
		05261FEA1C1EB95700B68042 /* PBXTargetDependency */ = {
			isa = PBXTargetDependency;
			target = 05261FC31C1EB95700B68042 /* CallbackDemo */;
			targetProxy = 05261FE91C1EB95700B68042 /* PBXContainerItemProxy */;
		};
/* End PBXTargetDependency section */

/* Begin PBXVariantGroup section */
		05261FD01C1EB95700B68042 /* Main.storyboard */ = {
			isa = PBXVariantGroup;
			children = (
				05261FD11C1EB95700B68042 /* Base */,
			);
			name = Main.storyboard;
			sourceTree = "<group>";
		};
		05261FD51C1EB95700B68042 /* LaunchScreen.storyboard */ = {
			isa = PBXVariantGroup;
			children = (
				05261FD61C1EB95700B68042 /* Base */,
			);
			name = LaunchScreen.storyboard;
			sourceTree = "<group>";
		};
/* End PBXVariantGroup section */

/* Begin XCBuildConfiguration section */
		05261FEF1C1EB95700B68042 /* Debug */ = {
			isa = XCBuildConfiguration;
			buildSettings = {
				ALWAYS_SEARCH_USER_PATHS = NO;
				CLANG_CXX_LANGUAGE_STANDARD = "gnu++0x";
				CLANG_CXX_LIBRARY = "libc++";
				CLANG_ENABLE_MODULES = YES;
				CLANG_ENABLE_OBJC_ARC = YES;
				CLANG_WARN_BOOL_CONVERSION = YES;
				CLANG_WARN_CONSTANT_CONVERSION = YES;
				CLANG_WARN_DIRECT_OBJC_ISA_USAGE = YES_ERROR;
				CLANG_WARN_EMPTY_BODY = YES;
				CLANG_WARN_ENUM_CONVERSION = YES;
				CLANG_WARN_INT_CONVERSION = YES;
				CLANG_WARN_OBJC_ROOT_CLASS = YES_ERROR;
				CLANG_WARN_UNREACHABLE_CODE = YES;
				CLANG_WARN__DUPLICATE_METHOD_MATCH = YES;
				"CODE_SIGN_IDENTITY[sdk=iphoneos*]" = "iPhone Developer";
				COPY_PHASE_STRIP = NO;
				DEBUG_INFORMATION_FORMAT = dwarf;
				ENABLE_STRICT_OBJC_MSGSEND = YES;
				ENABLE_TESTABILITY = YES;
				GCC_C_LANGUAGE_STANDARD = gnu99;
				GCC_DYNAMIC_NO_PIC = NO;
				GCC_NO_COMMON_BLOCKS = YES;
				GCC_OPTIMIZATION_LEVEL = 0;
				GCC_PREPROCESSOR_DEFINITIONS = (
					"DEBUG=1",
					"$(inherited)",
				);
				GCC_WARN_64_TO_32_BIT_CONVERSION = YES;
				GCC_WARN_ABOUT_RETURN_TYPE = YES_ERROR;
				GCC_WARN_UNDECLARED_SELECTOR = YES;
				GCC_WARN_UNINITIALIZED_AUTOS = YES_AGGRESSIVE;
				GCC_WARN_UNUSED_FUNCTION = YES;
				GCC_WARN_UNUSED_VARIABLE = YES;
				IPHONEOS_DEPLOYMENT_TARGET = 9.1;
				MTL_ENABLE_DEBUG_INFO = YES;
				ONLY_ACTIVE_ARCH = YES;
				SDKROOT = iphoneos;
			};
			name = Debug;
		};
		05261FF01C1EB95700B68042 /* Release */ = {
			isa = XCBuildConfiguration;
			buildSettings = {
				ALWAYS_SEARCH_USER_PATHS = NO;
				CLANG_CXX_LANGUAGE_STANDARD = "gnu++0x";
				CLANG_CXX_LIBRARY = "libc++";
				CLANG_ENABLE_MODULES = YES;
				CLANG_ENABLE_OBJC_ARC = YES;
				CLANG_WARN_BOOL_CONVERSION = YES;
				CLANG_WARN_CONSTANT_CONVERSION = YES;
				CLANG_WARN_DIRECT_OBJC_ISA_USAGE = YES_ERROR;
				CLANG_WARN_EMPTY_BODY = YES;
				CLANG_WARN_ENUM_CONVERSION = YES;
				CLANG_WARN_INT_CONVERSION = YES;
				CLANG_WARN_OBJC_ROOT_CLASS = YES_ERROR;
				CLANG_WARN_UNREACHABLE_CODE = YES;
				CLANG_WARN__DUPLICATE_METHOD_MATCH = YES;
				"CODE_SIGN_IDENTITY[sdk=iphoneos*]" = "iPhone Developer";
				COPY_PHASE_STRIP = NO;
				DEBUG_INFORMATION_FORMAT = "dwarf-with-dsym";
				ENABLE_NS_ASSERTIONS = NO;
				ENABLE_STRICT_OBJC_MSGSEND = YES;
				GCC_C_LANGUAGE_STANDARD = gnu99;
				GCC_NO_COMMON_BLOCKS = YES;
				GCC_WARN_64_TO_32_BIT_CONVERSION = YES;
				GCC_WARN_ABOUT_RETURN_TYPE = YES_ERROR;
				GCC_WARN_UNDECLARED_SELECTOR = YES;
				GCC_WARN_UNINITIALIZED_AUTOS = YES_AGGRESSIVE;
				GCC_WARN_UNUSED_FUNCTION = YES;
				GCC_WARN_UNUSED_VARIABLE = YES;
				IPHONEOS_DEPLOYMENT_TARGET = 9.1;
				MTL_ENABLE_DEBUG_INFO = NO;
				SDKROOT = iphoneos;
				VALIDATE_PRODUCT = YES;
			};
			name = Release;
		};
		05261FF21C1EB95700B68042 /* Debug */ = {
			isa = XCBuildConfiguration;
			buildSettings = {
				ASSETCATALOG_COMPILER_APPICON_NAME = AppIcon;
				INFOPLIST_FILE = CallbackDemo/Info.plist;
				LD_RUNPATH_SEARCH_PATHS = "$(inherited) @executable_path/Frameworks";
				PRODUCT_BUNDLE_IDENTIFIER = com.haidai.CallbackDemo;
				PRODUCT_NAME = "$(TARGET_NAME)";
			};
			name = Debug;
		};
		05261FF31C1EB95700B68042 /* Release */ = {
			isa = XCBuildConfiguration;
			buildSettings = {
				ASSETCATALOG_COMPILER_APPICON_NAME = AppIcon;
				INFOPLIST_FILE = CallbackDemo/Info.plist;
				LD_RUNPATH_SEARCH_PATHS = "$(inherited) @executable_path/Frameworks";
				PRODUCT_BUNDLE_IDENTIFIER = com.haidai.CallbackDemo;
				PRODUCT_NAME = "$(TARGET_NAME)";
			};
			name = Release;
		};
		05261FF51C1EB95700B68042 /* Debug */ = {
			isa = XCBuildConfiguration;
			buildSettings = {
				BUNDLE_LOADER = "$(TEST_HOST)";
				INFOPLIST_FILE = CallbackDemoTests/Info.plist;
				LD_RUNPATH_SEARCH_PATHS = "$(inherited) @executable_path/Frameworks @loader_path/Frameworks";
				PRODUCT_BUNDLE_IDENTIFIER = com.haidai.CallbackDemoTests;
				PRODUCT_NAME = "$(TARGET_NAME)";
				TEST_HOST = "$(BUILT_PRODUCTS_DIR)/CallbackDemo.app/CallbackDemo";
			};
			name = Debug;
		};
		05261FF61C1EB95700B68042 /* Release */ = {
			isa = XCBuildConfiguration;
			buildSettings = {
				BUNDLE_LOADER = "$(TEST_HOST)";
				INFOPLIST_FILE = CallbackDemoTests/Info.plist;
				LD_RUNPATH_SEARCH_PATHS = "$(inherited) @executable_path/Frameworks @loader_path/Frameworks";
				PRODUCT_BUNDLE_IDENTIFIER = com.haidai.CallbackDemoTests;
				PRODUCT_NAME = "$(TARGET_NAME)";
				TEST_HOST = "$(BUILT_PRODUCTS_DIR)/CallbackDemo.app/CallbackDemo";
			};
			name = Release;
		};
		05261FF81C1EB95700B68042 /* Debug */ = {
			isa = XCBuildConfiguration;
			buildSettings = {
				INFOPLIST_FILE = CallbackDemoUITests/Info.plist;
				LD_RUNPATH_SEARCH_PATHS = "$(inherited) @executable_path/Frameworks @loader_path/Frameworks";
				PRODUCT_BUNDLE_IDENTIFIER = com.haidai.CallbackDemoUITests;
				PRODUCT_NAME = "$(TARGET_NAME)";
				TEST_TARGET_NAME = CallbackDemo;
				USES_XCTRUNNER = YES;
			};
			name = Debug;
		};
		05261FF91C1EB95700B68042 /* Release */ = {
			isa = XCBuildConfiguration;
			buildSettings = {
				INFOPLIST_FILE = CallbackDemoUITests/Info.plist;
				LD_RUNPATH_SEARCH_PATHS = "$(inherited) @executable_path/Frameworks @loader_path/Frameworks";
				PRODUCT_BUNDLE_IDENTIFIER = com.haidai.CallbackDemoUITests;
				PRODUCT_NAME = "$(TARGET_NAME)";
				TEST_TARGET_NAME = CallbackDemo;
				USES_XCTRUNNER = YES;
			};
			name = Release;
		};
/* End XCBuildConfiguration section */

/* Begin XCConfigurationList section */
		05261FBF1C1EB95700B68042 /* Build configuration list for PBXProject "CallbackDemo" */ = {
			isa = XCConfigurationList;
			buildConfigurations = (
				05261FEF1C1EB95700B68042 /* Debug */,
				05261FF01C1EB95700B68042 /* Release */,
			);
			defaultConfigurationIsVisible = 0;
			defaultConfigurationName = Release;
		};
		05261FF11C1EB95700B68042 /* Build configuration list for PBXNativeTarget "CallbackDemo" */ = {
			isa = XCConfigurationList;
			buildConfigurations = (
				05261FF21C1EB95700B68042 /* Debug */,
				05261FF31C1EB95700B68042 /* Release */,
			);
			defaultConfigurationIsVisible = 0;
		};
		05261FF41C1EB95700B68042 /* Build configuration list for PBXNativeTarget "CallbackDemoTests" */ = {
			isa = XCConfigurationList;
			buildConfigurations = (
				05261FF51C1EB95700B68042 /* Debug */,
				05261FF61C1EB95700B68042 /* Release */,
			);
			defaultConfigurationIsVisible = 0;
		};
		05261FF71C1EB95700B68042 /* Build configuration list for PBXNativeTarget "CallbackDemoUITests" */ = {
			isa = XCConfigurationList;
			buildConfigurations = (
				05261FF81C1EB95700B68042 /* Debug */,
				05261FF91C1EB95700B68042 /* Release */,
			);
			defaultConfigurationIsVisible = 0;
		};
/* End XCConfigurationList section */
	};
	rootObject = 05261FBC1C1EB95700B68042 /* Project object */;
}
